// !$*UTF8*$!
{
	archiveVersion = 1;
	classes = {
	};
	objectVersion = 56;
	objects = {

/* Begin PBXBuildFile section */
		C0337F1F2A49BFBB00373313 /* SecondPageGo.swift in Sources */ = {isa = PBXBuildFile; fileRef = C0337F1E2A49BFBB00373313 /* SecondPageGo.swift */; };
		C036D26E2A56A65F005B1E8C /* CustomTableViewCell.swift in Sources */ = {isa = PBXBuildFile; fileRef = C036D26D2A56A65F005B1E8C /* CustomTableViewCell.swift */; };
		C036D2742A56B0DC005B1E8C /* TableViewController.swift in Sources */ = {isa = PBXBuildFile; fileRef = C036D2732A56B0DC005B1E8C /* TableViewController.swift */; };
		C036D2762A56B467005B1E8C /* DataModel.swift in Sources */ = {isa = PBXBuildFile; fileRef = C036D2752A56B467005B1E8C /* DataModel.swift */; };
		C036D27C2A57EAD2005B1E8C /* SecondPageScreenViewController.swift in Sources */ = {isa = PBXBuildFile; fileRef = C036D27B2A57EAD2005B1E8C /* SecondPageScreenViewController.swift */; };
		C03BEB392A459F07007E2ECB /* AppDelegate.swift in Sources */ = {isa = PBXBuildFile; fileRef = C03BEB382A459F07007E2ECB /* AppDelegate.swift */; };
		C03BEB3B2A459F07007E2ECB /* SceneDelegate.swift in Sources */ = {isa = PBXBuildFile; fileRef = C03BEB3A2A459F07007E2ECB /* SceneDelegate.swift */; };
		C03BEB3D2A459F07007E2ECB /* ViewController.swift in Sources */ = {isa = PBXBuildFile; fileRef = C03BEB3C2A459F07007E2ECB /* ViewController.swift */; };
		C03BEB402A459F07007E2ECB /* Main.storyboard in Resources */ = {isa = PBXBuildFile; fileRef = C03BEB3E2A459F07007E2ECB /* Main.storyboard */; };
		C03BEB422A459F07007E2ECB /* Assets.xcassets in Resources */ = {isa = PBXBuildFile; fileRef = C03BEB412A459F07007E2ECB /* Assets.xcassets */; };
		C03BEB452A459F07007E2ECB /* LaunchScreen.storyboard in Resources */ = {isa = PBXBuildFile; fileRef = C03BEB432A459F07007E2ECB /* LaunchScreen.storyboard */; };
		C03BEB502A46D7B2007E2ECB /* SnapKit in Frameworks */ = {isa = PBXBuildFile; productRef = C03BEB4F2A46D7B2007E2ECB /* SnapKit */; };
/* End PBXBuildFile section */

/* Begin PBXFileReference section */
		C0337F1E2A49BFBB00373313 /* SecondPageGo.swift */ = {isa = PBXFileReference; lastKnownFileType = sourcecode.swift; path = SecondPageGo.swift; sourceTree = "<group>"; };
		C036D26D2A56A65F005B1E8C /* CustomTableViewCell.swift */ = {isa = PBXFileReference; lastKnownFileType = sourcecode.swift; path = CustomTableViewCell.swift; sourceTree = "<group>"; };
		C036D2732A56B0DC005B1E8C /* TableViewController.swift */ = {isa = PBXFileReference; lastKnownFileType = sourcecode.swift; path = TableViewController.swift; sourceTree = "<group>"; };
		C036D2752A56B467005B1E8C /* DataModel.swift */ = {isa = PBXFileReference; lastKnownFileType = sourcecode.swift; path = DataModel.swift; sourceTree = "<group>"; };
		C036D27B2A57EAD2005B1E8C /* SecondPageScreenViewController.swift */ = {isa = PBXFileReference; lastKnownFileType = sourcecode.swift; path = SecondPageScreenViewController.swift; sourceTree = "<group>"; };
		C03BEB352A459F07007E2ECB /* homeWork_3m01.app */ = {isa = PBXFileReference; explicitFileType = wrapper.application; includeInIndex = 0; path = homeWork_3m01.app; sourceTree = BUILT_PRODUCTS_DIR; };
		C03BEB382A459F07007E2ECB /* AppDelegate.swift */ = {isa = PBXFileReference; lastKnownFileType = sourcecode.swift; path = AppDelegate.swift; sourceTree = "<group>"; };
		C03BEB3A2A459F07007E2ECB /* SceneDelegate.swift */ = {isa = PBXFileReference; lastKnownFileType = sourcecode.swift; path = SceneDelegate.swift; sourceTree = "<group>"; };
		C03BEB3C2A459F07007E2ECB /* ViewController.swift */ = {isa = PBXFileReference; lastKnownFileType = sourcecode.swift; path = ViewController.swift; sourceTree = "<group>"; };
		C03BEB3F2A459F07007E2ECB /* Base */ = {isa = PBXFileReference; lastKnownFileType = file.storyboard; name = Base; path = Base.lproj/Main.storyboard; sourceTree = "<group>"; };
		C03BEB412A459F07007E2ECB /* Assets.xcassets */ = {isa = PBXFileReference; lastKnownFileType = folder.assetcatalog; path = Assets.xcassets; sourceTree = "<group>"; };
		C03BEB442A459F07007E2ECB /* Base */ = {isa = PBXFileReference; lastKnownFileType = file.storyboard; name = Base; path = Base.lproj/LaunchScreen.storyboard; sourceTree = "<group>"; };
		C03BEB462A459F07007E2ECB /* Info.plist */ = {isa = PBXFileReference; lastKnownFileType = text.plist.xml; path = Info.plist; sourceTree = "<group>"; };
/* End PBXFileReference section */

/* Begin PBXFrameworksBuildPhase section */
		C03BEB322A459F07007E2ECB /* Frameworks */ = {
			isa = PBXFrameworksBuildPhase;
			buildActionMask = 2147483647;
			files = (
				C03BEB502A46D7B2007E2ECB /* SnapKit in Frameworks */,
			);
			runOnlyForDeploymentPostprocessing = 0;
		};
/* End PBXFrameworksBuildPhase section */

/* Begin PBXGroup section */
		C03BEB2C2A459F07007E2ECB = {
			isa = PBXGroup;
			children = (
				C03BEB372A459F07007E2ECB /* homeWork_3m01 */,
				C03BEB362A459F07007E2ECB /* Products */,
			);
			sourceTree = "<group>";
		};
		C03BEB362A459F07007E2ECB /* Products */ = {
			isa = PBXGroup;
			children = (
				C03BEB352A459F07007E2ECB /* homeWork_3m01.app */,
			);
			name = Products;
			sourceTree = "<group>";
		};
		C03BEB372A459F07007E2ECB /* homeWork_3m01 */ = {
			isa = PBXGroup;
			children = (
				C03BEB382A459F07007E2ECB /* AppDelegate.swift */,
				C03BEB3A2A459F07007E2ECB /* SceneDelegate.swift */,
				C03BEB3C2A459F07007E2ECB /* ViewController.swift */,
				C0337F1E2A49BFBB00373313 /* SecondPageGo.swift */,
				C036D2732A56B0DC005B1E8C /* TableViewController.swift */,
				C036D27B2A57EAD2005B1E8C /* SecondPageScreenViewController.swift */,
				C036D26D2A56A65F005B1E8C /* CustomTableViewCell.swift */,
				C036D2752A56B467005B1E8C /* DataModel.swift */,
				C03BEB432A459F07007E2ECB /* LaunchScreen.storyboard */,
				C03BEB3E2A459F07007E2ECB /* Main.storyboard */,
				C03BEB412A459F07007E2ECB /* Assets.xcassets */,
				C03BEB462A459F07007E2ECB /* Info.plist */,
			);
			path = homeWork_3m01;
			sourceTree = "<group>";
		};
/* End PBXGroup section */

/* Begin PBXNativeTarget section */
		C03BEB342A459F07007E2ECB /* homeWork_3m01 */ = {
			isa = PBXNativeTarget;
			buildConfigurationList = C03BEB492A459F07007E2ECB /* Build configuration list for PBXNativeTarget "homeWork_3m01" */;
			buildPhases = (
				C03BEB312A459F07007E2ECB /* Sources */,
				C03BEB322A459F07007E2ECB /* Frameworks */,
				C03BEB332A459F07007E2ECB /* Resources */,
			);
			buildRules = (
			);
			dependencies = (
			);
			name = homeWork_3m01;
			packageProductDependencies = (
				C03BEB4F2A46D7B2007E2ECB /* SnapKit */,
			);
			productName = homeWork_3m01;
			productReference = C03BEB352A459F07007E2ECB /* homeWork_3m01.app */;
			productType = "com.apple.product-type.application";
		};
/* End PBXNativeTarget section */

/* Begin PBXProject section */
		C03BEB2D2A459F07007E2ECB /* Project object */ = {
			isa = PBXProject;
			attributes = {
				BuildIndependentTargetsInParallel = 1;
				LastSwiftUpdateCheck = 1420;
				LastUpgradeCheck = 1420;
				TargetAttributes = {
					C03BEB342A459F07007E2ECB = {
						CreatedOnToolsVersion = 14.2;
					};
				};
			};
			buildConfigurationList = C03BEB302A459F07007E2ECB /* Build configuration list for PBXProject "homeWork_3m01" */;
			compatibilityVersion = "Xcode 14.0";
			developmentRegion = en;
			hasScannedForEncodings = 0;
			knownRegions = (
				en,
				Base,
			);
			mainGroup = C03BEB2C2A459F07007E2ECB;
			packageReferences = (
				C03BEB4E2A46D7B2007E2ECB /* XCRemoteSwiftPackageReference "SnapKit" */,
			);
			productRefGroup = C03BEB362A459F07007E2ECB /* Products */;
			projectDirPath = "";
			projectRoot = "";
			targets = (
				C03BEB342A459F07007E2ECB /* homeWork_3m01 */,
			);
		};
/* End PBXProject section */

/* Begin PBXResourcesBuildPhase section */
		C03BEB332A459F07007E2ECB /* Resources */ = {
			isa = PBXResourcesBuildPhase;
			buildActionMask = 2147483647;
			files = (
				C03BEB452A459F07007E2ECB /* LaunchScreen.storyboard in Resources */,
				C03BEB422A459F07007E2ECB /* Assets.xcassets in Resources */,
				C03BEB402A459F07007E2ECB /* Main.storyboard in Resources */,
			);
			runOnlyForDeploymentPostprocessing = 0;
		};
/* End PBXResourcesBuildPhase section */

/* Begin PBXSourcesBuildPhase section */
		C03BEB312A459F07007E2ECB /* Sources */ = {
			isa = PBXSourcesBuildPhase;
			buildActionMask = 2147483647;
			files = (
				C036D2762A56B467005B1E8C /* DataModel.swift in Sources */,
				C036D26E2A56A65F005B1E8C /* CustomTableViewCell.swift in Sources */,
				C036D2742A56B0DC005B1E8C /* TableViewController.swift in Sources */,
				C0337F1F2A49BFBB00373313 /* SecondPageGo.swift in Sources */,
				C03BEB3D2A459F07007E2ECB /* ViewController.swift in Sources */,
				C03BEB392A459F07007E2ECB /* AppDelegate.swift in Sources */,
				C03BEB3B2A459F07007E2ECB /* SceneDelegate.swift in Sources */,
				C036D27C2A57EAD2005B1E8C /* SecondPageScreenViewController.swift in Sources */,
			);
			runOnlyForDeploymentPostprocessing = 0;
		};
/* End PBXSourcesBuildPhase section */

/* Begin PBXVariantGroup section */
		C03BEB3E2A459F07007E2ECB /* Main.storyboard */ = {
			isa = PBXVariantGroup;
			children = (
				C03BEB3F2A459F07007E2ECB /* Base */,
			);
			name = Main.storyboard;
			sourceTree = "<group>";
		};
		C03BEB432A459F07007E2ECB /* LaunchScreen.storyboard */ = {
			isa = PBXVariantGroup;
			children = (
				C03BEB442A459F07007E2ECB /* Base */,
			);
			name = LaunchScreen.storyboard;
			sourceTree = "<group>";
		};
/* End PBXVariantGroup section */

/* Begin XCBuildConfiguration section */
		C03BEB472A459F07007E2ECB /* Debug */ = {
			isa = XCBuildConfiguration;
			buildSettings = {
				ALWAYS_SEARCH_USER_PATHS = NO;
				CLANG_ANALYZER_NONNULL = YES;
				CLANG_ANALYZER_NUMBER_OBJECT_CONVERSION = YES_AGGRESSIVE;
				CLANG_CXX_LANGUAGE_STANDARD = "gnu++20";
				CLANG_ENABLE_MODULES = YES;
				CLANG_ENABLE_OBJC_ARC = YES;
				CLANG_ENABLE_OBJC_WEAK = YES;
				CLANG_WARN_BLOCK_CAPTURE_AUTORELEASING = YES;
				CLANG_WARN_BOOL_CONVERSION = YES;
				CLANG_WARN_COMMA = YES;
				CLANG_WARN_CONSTANT_CONVERSION = YES;
				CLANG_WARN_DEPRECATED_OBJC_IMPLEMENTATIONS = YES;
				CLANG_WARN_DIRECT_OBJC_ISA_USAGE = YES_ERROR;
				CLANG_WARN_DOCUMENTATION_COMMENTS = YES;
				CLANG_WARN_EMPTY_BODY = YES;
				CLANG_WARN_ENUM_CONVERSION = YES;
				CLANG_WARN_INFINITE_RECURSION = YES;
				CLANG_WARN_INT_CONVERSION = YES;
				CLANG_WARN_NON_LITERAL_NULL_CONVERSION = YES;
				CLANG_WARN_OBJC_IMPLICIT_RETAIN_SELF = YES;
				CLANG_WARN_OBJC_LITERAL_CONVERSION = YES;
				CLANG_WARN_OBJC_ROOT_CLASS = YES_ERROR;
				CLANG_WARN_QUOTED_INCLUDE_IN_FRAMEWORK_HEADER = YES;
				CLANG_WARN_RANGE_LOOP_ANALYSIS = YES;
				CLANG_WARN_STRICT_PROTOTYPES = YES;
				CLANG_WARN_SUSPICIOUS_MOVE = YES;
				CLANG_WARN_UNGUARDED_AVAILABILITY = YES_AGGRESSIVE;
				CLANG_WARN_UNREACHABLE_CODE = YES;
				CLANG_WARN__DUPLICATE_METHOD_MATCH = YES;
				COPY_PHASE_STRIP = NO;
				DEBUG_INFORMATION_FORMAT = dwarf;
				ENABLE_STRICT_OBJC_MSGSEND = YES;
				ENABLE_TESTABILITY = YES;
				GCC_C_LANGUAGE_STANDARD = gnu11;
				GCC_DYNAMIC_NO_PIC = NO;
				GCC_NO_COMMON_BLOCKS = YES;
				GCC_OPTIMIZATION_LEVEL = 0;
				GCC_PREPROCESSOR_DEFINITIONS = (
					"DEBUG=1",
					"$(inherited)",
				);
				GCC_WARN_64_TO_32_BIT_CONVERSION = YES;
				GCC_WARN_ABOUT_RETURN_TYPE = YES_ERROR;
				GCC_WARN_UNDECLARED_SELECTOR = YES;
				GCC_WARN_UNINITIALIZED_AUTOS = YES_AGGRESSIVE;
				GCC_WARN_UNUSED_FUNCTION = YES;
				GCC_WARN_UNUSED_VARIABLE = YES;
				IPHONEOS_DEPLOYMENT_TARGET = 16.2;
				MTL_ENABLE_DEBUG_INFO = INCLUDE_SOURCE;
				MTL_FAST_MATH = YES;
				ONLY_ACTIVE_ARCH = YES;
				SDKROOT = iphoneos;
				SWIFT_ACTIVE_COMPILATION_CONDITIONS = DEBUG;
				SWIFT_OPTIMIZATION_LEVEL = "-Onone";
			};
			name = Debug;
		};
		C03BEB482A459F07007E2ECB /* Release */ = {
			isa = XCBuildConfiguration;
			buildSettings = {
				ALWAYS_SEARCH_USER_PATHS = NO;
				CLANG_ANALYZER_NONNULL = YES;
				CLANG_ANALYZER_NUMBER_OBJECT_CONVERSION = YES_AGGRESSIVE;
				CLANG_CXX_LANGUAGE_STANDARD = "gnu++20";
				CLANG_ENABLE_MODULES = YES;
				CLANG_ENABLE_OBJC_ARC = YES;
				CLANG_ENABLE_OBJC_WEAK = YES;
				CLANG_WARN_BLOCK_CAPTURE_AUTORELEASING = YES;
				CLANG_WARN_BOOL_CONVERSION = YES;
				CLANG_WARN_COMMA = YES;
				CLANG_WARN_CONSTANT_CONVERSION = YES;
				CLANG_WARN_DEPRECATED_OBJC_IMPLEMENTATIONS = YES;
				CLANG_WARN_DIRECT_OBJC_ISA_USAGE = YES_ERROR;
				CLANG_WARN_DOCUMENTATION_COMMENTS = YES;
				CLANG_WARN_EMPTY_BODY = YES;
				CLANG_WARN_ENUM_CONVERSION = YES;
				CLANG_WARN_INFINITE_RECURSION = YES;
				CLANG_WARN_INT_CONVERSION = YES;
				CLANG_WARN_NON_LITERAL_NULL_CONVERSION = YES;
				CLANG_WARN_OBJC_IMPLICIT_RETAIN_SELF = YES;
				CLANG_WARN_OBJC_LITERAL_CONVERSION = YES;
				CLANG_WARN_OBJC_ROOT_CLASS = YES_ERROR;
				CLANG_WARN_QUOTED_INCLUDE_IN_FRAMEWORK_HEADER = YES;
				CLANG_WARN_RANGE_LOOP_ANALYSIS = YES;
				CLANG_WARN_STRICT_PROTOTYPES = YES;
				CLANG_WARN_SUSPICIOUS_MOVE = YES;
				CLANG_WARN_UNGUARDED_AVAILABILITY = YES_AGGRESSIVE;
				CLANG_WARN_UNREACHABLE_CODE = YES;
				CLANG_WARN__DUPLICATE_METHOD_MATCH = YES;
				COPY_PHASE_STRIP = NO;
				DEBUG_INFORMATION_FORMAT = "dwarf-with-dsym";
				ENABLE_NS_ASSERTIONS = NO;
				ENABLE_STRICT_OBJC_MSGSEND = YES;
				GCC_C_LANGUAGE_STANDARD = gnu11;
				GCC_NO_COMMON_BLOCKS = YES;
				GCC_WARN_64_TO_32_BIT_CONVERSION = YES;
				GCC_WARN_ABOUT_RETURN_TYPE = YES_ERROR;
				GCC_WARN_UNDECLARED_SELECTOR = YES;
				GCC_WARN_UNINITIALIZED_AUTOS = YES_AGGRESSIVE;
				GCC_WARN_UNUSED_FUNCTION = YES;
				GCC_WARN_UNUSED_VARIABLE = YES;
				IPHONEOS_DEPLOYMENT_TARGET = 16.2;
				MTL_ENABLE_DEBUG_INFO = NO;
				MTL_FAST_MATH = YES;
				SDKROOT = iphoneos;
				SWIFT_COMPILATION_MODE = wholemodule;
				SWIFT_OPTIMIZATION_LEVEL = "-O";
				VALIDATE_PRODUCT = YES;
			};
			name = Release;
		};
		C03BEB4A2A459F07007E2ECB /* Debug */ = {
			isa = XCBuildConfiguration;
			buildSettings = {
				ASSETCATALOG_COMPILER_APPICON_NAME = AppIcon;
				ASSETCATALOG_COMPILER_GLOBAL_ACCENT_COLOR_NAME = AccentColor;
				CODE_SIGN_STYLE = Automatic;
				CURRENT_PROJECT_VERSION = 1;
				DEVELOPMENT_TEAM = BV2B832NGF;
				GENERATE_INFOPLIST_FILE = YES;
				INFOPLIST_FILE = homeWork_3m01/Info.plist;
				INFOPLIST_KEY_UIApplicationSupportsIndirectInputEvents = YES;
				INFOPLIST_KEY_UILaunchStoryboardName = LaunchScreen;
				INFOPLIST_KEY_UIMainStoryboardFile = Main;
				INFOPLIST_KEY_UISupportedInterfaceOrientations_iPad = "UIInterfaceOrientationPortrait UIInterfaceOrientationPortraitUpsideDown UIInterfaceOrientationLandscapeLeft UIInterfaceOrientationLandscapeRight";
				INFOPLIST_KEY_UISupportedInterfaceOrientations_iPhone = "UIInterfaceOrientationPortrait UIInterfaceOrientationLandscapeLeft UIInterfaceOrientationLandscapeRight";
				LD_RUNPATH_SEARCH_PATHS = (
					"$(inherited)",
					"@executable_path/Frameworks",
				);
				MARKETING_VERSION = 1.0;
				PRODUCT_BUNDLE_IDENTIFIER = "com.almaz.homeWork-3m01";
				PRODUCT_NAME = "$(TARGET_NAME)";
				SWIFT_EMIT_LOC_STRINGS = YES;
				SWIFT_VERSION = 5.0;
				TARGETED_DEVICE_FAMILY = "1,2";
			};
			name = Debug;
		};
		C03BEB4B2A459F07007E2ECB /* Release */ = {
			isa = XCBuildConfiguration;
			buildSettings = {
				ASSETCATALOG_COMPILER_APPICON_NAME = AppIcon;
				ASSETCATALOG_COMPILER_GLOBAL_ACCENT_COLOR_NAME = AccentColor;
				CODE_SIGN_STYLE = Automatic;
				CURRENT_PROJECT_VERSION = 1;
				DEVELOPMENT_TEAM = BV2B832NGF;
				GENERATE_INFOPLIST_FILE = YES;
				INFOPLIST_FILE = homeWork_3m01/Info.plist;
				INFOPLIST_KEY_UIApplicationSupportsIndirectInputEvents = YES;
				INFOPLIST_KEY_UILaunchStoryboardName = LaunchScreen;
				INFOPLIST_KEY_UIMainStoryboardFile = Main;
				INFOPLIST_KEY_UISupportedInterfaceOrientations_iPad = "UIInterfaceOrientationPortrait UIInterfaceOrientationPortraitUpsideDown UIInterfaceOrientationLandscapeLeft UIInterfaceOrientationLandscapeRight";
				INFOPLIST_KEY_UISupportedInterfaceOrientations_iPhone = "UIInterfaceOrientationPortrait UIInterfaceOrientationLandscapeLeft UIInterfaceOrientationLandscapeRight";
				LD_RUNPATH_SEARCH_PATHS = (
					"$(inherited)",
					"@executable_path/Frameworks",
				);
				MARKETING_VERSION = 1.0;
				PRODUCT_BUNDLE_IDENTIFIER = "com.almaz.homeWork-3m01";
				PRODUCT_NAME = "$(TARGET_NAME)";
				SWIFT_EMIT_LOC_STRINGS = YES;
				SWIFT_VERSION = 5.0;
				TARGETED_DEVICE_FAMILY = "1,2";
			};
			name = Release;
		};
/* End XCBuildConfiguration section */

/* Begin XCConfigurationList section */
		C03BEB302A459F07007E2ECB /* Build configuration list for PBXProject "homeWork_3m01" */ = {
			isa = XCConfigurationList;
			buildConfigurations = (
				C03BEB472A459F07007E2ECB /* Debug */,
				C03BEB482A459F07007E2ECB /* Release */,
			);
			defaultConfigurationIsVisible = 0;
			defaultConfigurationName = Release;
		};
		C03BEB492A459F07007E2ECB /* Build configuration list for PBXNativeTarget "homeWork_3m01" */ = {
			isa = XCConfigurationList;
			buildConfigurations = (
				C03BEB4A2A459F07007E2ECB /* Debug */,
				C03BEB4B2A459F07007E2ECB /* Release */,
			);
			defaultConfigurationIsVisible = 0;
			defaultConfigurationName = Release;
		};
/* End XCConfigurationList section */

/* Begin XCRemoteSwiftPackageReference section */
		C03BEB4E2A46D7B2007E2ECB /* XCRemoteSwiftPackageReference "SnapKit" */ = {
			isa = XCRemoteSwiftPackageReference;
			repositoryURL = "https://github.com/SnapKit/SnapKit.git";
			requirement = {
				branch = develop;
				kind = branch;
			};
		};
/* End XCRemoteSwiftPackageReference section */

/* Begin XCSwiftPackageProductDependency section */
		C03BEB4F2A46D7B2007E2ECB /* SnapKit */ = {
			isa = XCSwiftPackageProductDependency;
			package = C03BEB4E2A46D7B2007E2ECB /* XCRemoteSwiftPackageReference "SnapKit" */;
			productName = SnapKit;
		};
/* End XCSwiftPackageProductDependency section */
	};
	rootObject = C03BEB2D2A459F07007E2ECB /* Project object */;
}
